// !$*UTF8*$!
{
	archiveVersion = 1;
	classes = {
	};
	objectVersion = 46;
	objects = {

/* Begin PBXBuildFile section */
		3838BBDC1F3556D8004AD7E0 /* AppDelegate.swift in Sources */ = {isa = PBXBuildFile; fileRef = 3838BBDB1F3556D8004AD7E0 /* AppDelegate.swift */; };
		3838BBDE1F3556D8004AD7E0 /* ViewController.swift in Sources */ = {isa = PBXBuildFile; fileRef = 3838BBDD1F3556D8004AD7E0 /* ViewController.swift */; };
		3838BBE11F3556D8004AD7E0 /* Main.storyboard in Resources */ = {isa = PBXBuildFile; fileRef = 3838BBDF1F3556D8004AD7E0 /* Main.storyboard */; };
		3838BBE31F3556D8004AD7E0 /* Assets.xcassets in Resources */ = {isa = PBXBuildFile; fileRef = 3838BBE21F3556D8004AD7E0 /* Assets.xcassets */; };
		3838BBE61F3556D8004AD7E0 /* LaunchScreen.storyboard in Resources */ = {isa = PBXBuildFile; fileRef = 3838BBE41F3556D8004AD7E0 /* LaunchScreen.storyboard */; };
		3838BBF11F3556D8004AD7E0 /* Svy21Tests.swift in Sources */ = {isa = PBXBuildFile; fileRef = 3838BBF01F3556D8004AD7E0 /* Svy21Tests.swift */; };
		3838BBFC1F35573C004AD7E0 /* Svy21.swift in Sources */ = {isa = PBXBuildFile; fileRef = 3838BBFB1F35573C004AD7E0 /* Svy21.swift */; };
/* End PBXBuildFile section */

/* Begin PBXContainerItemProxy section */
		3838BBED1F3556D8004AD7E0 /* PBXContainerItemProxy */ = {
			isa = PBXContainerItemProxy;
			containerPortal = 3838BBD01F3556D8004AD7E0 /* Project object */;
			proxyType = 1;
			remoteGlobalIDString = 3838BBD71F3556D8004AD7E0;
			remoteInfo = Svy21;
		};
/* End PBXContainerItemProxy section */

/* Begin PBXFileReference section */
		3838BBD81F3556D8004AD7E0 /* Svy21.app */ = {isa = PBXFileReference; explicitFileType = wrapper.application; includeInIndex = 0; path = Svy21.app; sourceTree = BUILT_PRODUCTS_DIR; };
		3838BBDB1F3556D8004AD7E0 /* AppDelegate.swift */ = {isa = PBXFileReference; lastKnownFileType = sourcecode.swift; path = AppDelegate.swift; sourceTree = "<group>"; };
		3838BBDD1F3556D8004AD7E0 /* ViewController.swift */ = {isa = PBXFileReference; lastKnownFileType = sourcecode.swift; path = ViewController.swift; sourceTree = "<group>"; };
		3838BBE01F3556D8004AD7E0 /* Base */ = {isa = PBXFileReference; lastKnownFileType = file.storyboard; name = Base; path = Base.lproj/Main.storyboard; sourceTree = "<group>"; };
		3838BBE21F3556D8004AD7E0 /* Assets.xcassets */ = {isa = PBXFileReference; lastKnownFileType = folder.assetcatalog; path = Assets.xcassets; sourceTree = "<group>"; };
		3838BBE51F3556D8004AD7E0 /* Base */ = {isa = PBXFileReference; lastKnownFileType = file.storyboard; name = Base; path = Base.lproj/LaunchScreen.storyboard; sourceTree = "<group>"; };
		3838BBE71F3556D8004AD7E0 /* Info.plist */ = {isa = PBXFileReference; lastKnownFileType = text.plist.xml; path = Info.plist; sourceTree = "<group>"; };
		3838BBEC1F3556D8004AD7E0 /* Svy21Tests.xctest */ = {isa = PBXFileReference; explicitFileType = wrapper.cfbundle; includeInIndex = 0; path = Svy21Tests.xctest; sourceTree = BUILT_PRODUCTS_DIR; };
		3838BBF01F3556D8004AD7E0 /* Svy21Tests.swift */ = {isa = PBXFileReference; lastKnownFileType = sourcecode.swift; path = Svy21Tests.swift; sourceTree = "<group>"; };
		3838BBF21F3556D8004AD7E0 /* Info.plist */ = {isa = PBXFileReference; lastKnownFileType = text.plist.xml; path = Info.plist; sourceTree = "<group>"; };
		3838BBFB1F35573C004AD7E0 /* Svy21.swift */ = {isa = PBXFileReference; fileEncoding = 4; lastKnownFileType = sourcecode.swift; path = Svy21.swift; sourceTree = "<group>"; };
/* End PBXFileReference section */

/* Begin PBXFrameworksBuildPhase section */
		3838BBD51F3556D8004AD7E0 /* Frameworks */ = {
			isa = PBXFrameworksBuildPhase;
			buildActionMask = 2147483647;
			files = (
			);
			runOnlyForDeploymentPostprocessing = 0;
		};
		3838BBE91F3556D8004AD7E0 /* Frameworks */ = {
			isa = PBXFrameworksBuildPhase;
			buildActionMask = 2147483647;
			files = (
			);
			runOnlyForDeploymentPostprocessing = 0;
		};
/* End PBXFrameworksBuildPhase section */

/* Begin PBXGroup section */
		3838BBCF1F3556D8004AD7E0 = {
			isa = PBXGroup;
			children = (
				3838BBDA1F3556D8004AD7E0 /* Svy21 */,
				3838BBEF1F3556D8004AD7E0 /* Svy21Tests */,
				3838BBD91F3556D8004AD7E0 /* Products */,
			);
			sourceTree = "<group>";
		};
		3838BBD91F3556D8004AD7E0 /* Products */ = {
			isa = PBXGroup;
			children = (
				3838BBD81F3556D8004AD7E0 /* Svy21.app */,
				3838BBEC1F3556D8004AD7E0 /* Svy21Tests.xctest */,
			);
			name = Products;
			sourceTree = "<group>";
		};
		3838BBDA1F3556D8004AD7E0 /* Svy21 */ = {
			isa = PBXGroup;
			children = (
				3838BBDB1F3556D8004AD7E0 /* AppDelegate.swift */,
				3838BBFB1F35573C004AD7E0 /* Svy21.swift */,
				3838BBDD1F3556D8004AD7E0 /* ViewController.swift */,
				3838BBDF1F3556D8004AD7E0 /* Main.storyboard */,
				3838BBE21F3556D8004AD7E0 /* Assets.xcassets */,
				3838BBE41F3556D8004AD7E0 /* LaunchScreen.storyboard */,
				3838BBE71F3556D8004AD7E0 /* Info.plist */,
			);
			path = Svy21;
			sourceTree = "<group>";
		};
		3838BBEF1F3556D8004AD7E0 /* Svy21Tests */ = {
			isa = PBXGroup;
			children = (
				3838BBF01F3556D8004AD7E0 /* Svy21Tests.swift */,
				3838BBF21F3556D8004AD7E0 /* Info.plist */,
			);
			path = Svy21Tests;
			sourceTree = "<group>";
		};
/* End PBXGroup section */

/* Begin PBXNativeTarget section */
		3838BBD71F3556D8004AD7E0 /* Svy21 */ = {
			isa = PBXNativeTarget;
			buildConfigurationList = 3838BBF51F3556D8004AD7E0 /* Build configuration list for PBXNativeTarget "Svy21" */;
			buildPhases = (
				3838BBD41F3556D8004AD7E0 /* Sources */,
				3838BBD51F3556D8004AD7E0 /* Frameworks */,
				3838BBD61F3556D8004AD7E0 /* Resources */,
			);
			buildRules = (
			);
			dependencies = (
			);
			name = Svy21;
			productName = Svy21;
			productReference = 3838BBD81F3556D8004AD7E0 /* Svy21.app */;
			productType = "com.apple.product-type.application";
		};
		3838BBEB1F3556D8004AD7E0 /* Svy21Tests */ = {
			isa = PBXNativeTarget;
			buildConfigurationList = 3838BBF81F3556D8004AD7E0 /* Build configuration list for PBXNativeTarget "Svy21Tests" */;
			buildPhases = (
				3838BBE81F3556D8004AD7E0 /* Sources */,
				3838BBE91F3556D8004AD7E0 /* Frameworks */,
				3838BBEA1F3556D8004AD7E0 /* Resources */,
			);
			buildRules = (
			);
			dependencies = (
				3838BBEE1F3556D8004AD7E0 /* PBXTargetDependency */,
			);
			name = Svy21Tests;
			productName = Svy21Tests;
			productReference = 3838BBEC1F3556D8004AD7E0 /* Svy21Tests.xctest */;
			productType = "com.apple.product-type.bundle.unit-test";
		};
/* End PBXNativeTarget section */

/* Begin PBXProject section */
		3838BBD01F3556D8004AD7E0 /* Project object */ = {
			isa = PBXProject;
			attributes = {
				LastSwiftUpdateCheck = 0830;
				LastUpgradeCheck = 0830;
				ORGANIZATIONNAME = "Zhou Hao";
				TargetAttributes = {
					3838BBD71F3556D8004AD7E0 = {
						CreatedOnToolsVersion = 8.3.3;
						ProvisioningStyle = Automatic;
					};
					3838BBEB1F3556D8004AD7E0 = {
						CreatedOnToolsVersion = 8.3.3;
						ProvisioningStyle = Automatic;
						TestTargetID = 3838BBD71F3556D8004AD7E0;
					};
				};
			};
			buildConfigurationList = 3838BBD31F3556D8004AD7E0 /* Build configuration list for PBXProject "Svy21" */;
			compatibilityVersion = "Xcode 3.2";
			developmentRegion = English;
			hasScannedForEncodings = 0;
			knownRegions = (
				en,
				Base,
			);
			mainGroup = 3838BBCF1F3556D8004AD7E0;
			productRefGroup = 3838BBD91F3556D8004AD7E0 /* Products */;
			projectDirPath = "";
			projectRoot = "";
			targets = (
				3838BBD71F3556D8004AD7E0 /* Svy21 */,
				3838BBEB1F3556D8004AD7E0 /* Svy21Tests */,
			);
		};
/* End PBXProject section */

/* Begin PBXResourcesBuildPhase section */
		3838BBD61F3556D8004AD7E0 /* Resources */ = {
			isa = PBXResourcesBuildPhase;
			buildActionMask = 2147483647;
			files = (
				3838BBE61F3556D8004AD7E0 /* LaunchScreen.storyboard in Resources */,
				3838BBE31F3556D8004AD7E0 /* Assets.xcassets in Resources */,
				3838BBE11F3556D8004AD7E0 /* Main.storyboard in Resources */,
			);
			runOnlyForDeploymentPostprocessing = 0;
		};
		3838BBEA1F3556D8004AD7E0 /* Resources */ = {
			isa = PBXResourcesBuildPhase;
			buildActionMask = 2147483647;
			files = (
			);
			runOnlyForDeploymentPostprocessing = 0;
		};
/* End PBXResourcesBuildPhase section */

/* Begin PBXSourcesBuildPhase section */
		3838BBD41F3556D8004AD7E0 /* Sources */ = {
			isa = PBXSourcesBuildPhase;
			buildActionMask = 2147483647;
			files = (
				3838BBFC1F35573C004AD7E0 /* Svy21.swift in Sources */,
				3838BBDE1F3556D8004AD7E0 /* ViewController.swift in Sources */,
				3838BBDC1F3556D8004AD7E0 /* AppDelegate.swift in Sources */,
			);
			runOnlyForDeploymentPostprocessing = 0;
		};
		3838BBE81F3556D8004AD7E0 /* Sources */ = {
			isa = PBXSourcesBuildPhase;
			buildActionMask = 2147483647;
			files = (
				3838BBF11F3556D8004AD7E0 /* Svy21Tests.swift in Sources */,
			);
			runOnlyForDeploymentPostprocessing = 0;
		};
/* End PBXSourcesBuildPhase section */

/* Begin PBXTargetDependency section */
		3838BBEE1F3556D8004AD7E0 /* PBXTargetDependency */ = {
			isa = PBXTargetDependency;
			target = 3838BBD71F3556D8004AD7E0 /* Svy21 */;
			targetProxy = 3838BBED1F3556D8004AD7E0 /* PBXContainerItemProxy */;
		};
/* End PBXTargetDependency section */

/* Begin PBXVariantGroup section */
		3838BBDF1F3556D8004AD7E0 /* Main.storyboard */ = {
			isa = PBXVariantGroup;
			children = (
				3838BBE01F3556D8004AD7E0 /* Base */,
			);
			name = Main.storyboard;
			sourceTree = "<group>";
		};
		3838BBE41F3556D8004AD7E0 /* LaunchScreen.storyboard */ = {
			isa = PBXVariantGroup;
			children = (
				3838BBE51F3556D8004AD7E0 /* Base */,
			);
			name = LaunchScreen.storyboard;
			sourceTree = "<group>";
		};
/* End PBXVariantGroup section */

/* Begin XCBuildConfiguration section */
		3838BBF31F3556D8004AD7E0 /* Debug */ = {
			isa = XCBuildConfiguration;
			buildSettings = {
				ALWAYS_SEARCH_USER_PATHS = NO;
				CLANG_ANALYZER_NONNULL = YES;
				CLANG_ANALYZER_NUMBER_OBJECT_CONVERSION = YES_AGGRESSIVE;
				CLANG_CXX_LANGUAGE_STANDARD = "gnu++0x";
				CLANG_CXX_LIBRARY = "libc++";
				CLANG_ENABLE_MODULES = YES;
				CLANG_ENABLE_OBJC_ARC = YES;
				CLANG_WARN_BOOL_CONVERSION = YES;
				CLANG_WARN_CONSTANT_CONVERSION = YES;
				CLANG_WARN_DIRECT_OBJC_ISA_USAGE = YES_ERROR;
				CLANG_WARN_DOCUMENTATION_COMMENTS = YES;
				CLANG_WARN_EMPTY_BODY = YES;
				CLANG_WARN_ENUM_CONVERSION = YES;
				CLANG_WARN_INFINITE_RECURSION = YES;
				CLANG_WARN_INT_CONVERSION = YES;
				CLANG_WARN_OBJC_ROOT_CLASS = YES_ERROR;
				CLANG_WARN_SUSPICIOUS_MOVE = YES;
				CLANG_WARN_UNREACHABLE_CODE = YES;
				CLANG_WARN__DUPLICATE_METHOD_MATCH = YES;
				"CODE_SIGN_IDENTITY[sdk=iphoneos*]" = "iPhone Developer";
				COPY_PHASE_STRIP = NO;
				DEBUG_INFORMATION_FORMAT = dwarf;
				ENABLE_STRICT_OBJC_MSGSEND = YES;
				ENABLE_TESTABILITY = YES;
				GCC_C_LANGUAGE_STANDARD = gnu99;
				GCC_DYNAMIC_NO_PIC = NO;
				GCC_NO_COMMON_BLOCKS = YES;
				GCC_OPTIMIZATION_LEVEL = 0;
				GCC_PREPROCESSOR_DEFINITIONS = (
					"DEBUG=1",
					"$(inherited)",
				);
				GCC_WARN_64_TO_32_BIT_CONVERSION = YES;
				GCC_WARN_ABOUT_RETURN_TYPE = YES_ERROR;
				GCC_WARN_UNDECLARED_SELECTOR = YES;
				GCC_WARN_UNINITIALIZED_AUTOS = YES_AGGRESSIVE;
				GCC_WARN_UNUSED_FUNCTION = YES;
				GCC_WARN_UNUSED_VARIABLE = YES;
				IPHONEOS_DEPLOYMENT_TARGET = 10.3;
				MTL_ENABLE_DEBUG_INFO = YES;
				ONLY_ACTIVE_ARCH = YES;
				SDKROOT = iphoneos;
				SWIFT_ACTIVE_COMPILATION_CONDITIONS = DEBUG;
				SWIFT_OPTIMIZATION_LEVEL = "-Onone";
			};
			name = Debug;
		};
		3838BBF41F3556D8004AD7E0 /* Release */ = {
			isa = XCBuildConfiguration;
			buildSettings = {
				ALWAYS_SEARCH_USER_PATHS = NO;
				CLANG_ANALYZER_NONNULL = YES;
				CLANG_ANALYZER_NUMBER_OBJECT_CONVERSION = YES_AGGRESSIVE;
				CLANG_CXX_LANGUAGE_STANDARD = "gnu++0x";
				CLANG_CXX_LIBRARY = "libc++";
				CLANG_ENABLE_MODULES = YES;
				CLANG_ENABLE_OBJC_ARC = YES;
				CLANG_WARN_BOOL_CONVERSION = YES;
				CLANG_WARN_CONSTANT_CONVERSION = YES;
				CLANG_WARN_DIRECT_OBJC_ISA_USAGE = YES_ERROR;
				CLANG_WARN_DOCUMENTATION_COMMENTS = YES;
				CLANG_WARN_EMPTY_BODY = YES;
				CLANG_WARN_ENUM_CONVERSION = YES;
				CLANG_WARN_INFINITE_RECURSION = YES;
				CLANG_WARN_INT_CONVERSION = YES;
				CLANG_WARN_OBJC_ROOT_CLASS = YES_ERROR;
				CLANG_WARN_SUSPICIOUS_MOVE = YES;
				CLANG_WARN_UNREACHABLE_CODE = YES;
				CLANG_WARN__DUPLICATE_METHOD_MATCH = YES;
				"CODE_SIGN_IDENTITY[sdk=iphoneos*]" = "iPhone Developer";
				COPY_PHASE_STRIP = NO;
				DEBUG_INFORMATION_FORMAT = "dwarf-with-dsym";
				ENABLE_NS_ASSERTIONS = NO;
				ENABLE_STRICT_OBJC_MSGSEND = YES;
				GCC_C_LANGUAGE_STANDARD = gnu99;
				GCC_NO_COMMON_BLOCKS = YES;
				GCC_WARN_64_TO_32_BIT_CONVERSION = YES;
				GCC_WARN_ABOUT_RETURN_TYPE = YES_ERROR;
				GCC_WARN_UNDECLARED_SELECTOR = YES;
				GCC_WARN_UNINITIALIZED_AUTOS = YES_AGGRESSIVE;
				GCC_WARN_UNUSED_FUNCTION = YES;
				GCC_WARN_UNUSED_VARIABLE = YES;
				IPHONEOS_DEPLOYMENT_TARGET = 10.3;
				MTL_ENABLE_DEBUG_INFO = NO;
				SDKROOT = iphoneos;
				SWIFT_OPTIMIZATION_LEVEL = "-Owholemodule";
				VALIDATE_PRODUCT = YES;
			};
			name = Release;
		};
		3838BBF61F3556D8004AD7E0 /* Debug */ = {
			isa = XCBuildConfiguration;
			buildSettings = {
				ASSETCATALOG_COMPILER_APPICON_NAME = AppIcon;
				INFOPLIST_FILE = Svy21/Info.plist;
				LD_RUNPATH_SEARCH_PATHS = "$(inherited) @executable_path/Frameworks";
				PRODUCT_BUNDLE_IDENTIFIER = com.zhouhao.Svy21;
				PRODUCT_NAME = "$(TARGET_NAME)";
				SWIFT_VERSION = 3.0;
			};
			name = Debug;
		};
		3838BBF71F3556D8004AD7E0 /* Release */ = {
			isa = XCBuildConfiguration;
			buildSettings = {
				ASSETCATALOG_COMPILER_APPICON_NAME = AppIcon;
				INFOPLIST_FILE = Svy21/Info.plist;
				LD_RUNPATH_SEARCH_PATHS = "$(inherited) @executable_path/Frameworks";
				PRODUCT_BUNDLE_IDENTIFIER = com.zhouhao.Svy21;
				PRODUCT_NAME = "$(TARGET_NAME)";
				SWIFT_VERSION = 3.0;
			};
			name = Release;
		};
		3838BBF91F3556D8004AD7E0 /* Debug */ = {
			isa = XCBuildConfiguration;
			buildSettings = {
				ALWAYS_EMBED_SWIFT_STANDARD_LIBRARIES = YES;
				BUNDLE_LOADER = "$(TEST_HOST)";
				INFOPLIST_FILE = Svy21Tests/Info.plist;
				LD_RUNPATH_SEARCH_PATHS = "$(inherited) @executable_path/Frameworks @loader_path/Frameworks";
				PRODUCT_BUNDLE_IDENTIFIER = com.zhouhao.Svy21Tests;
				PRODUCT_NAME = "$(TARGET_NAME)";
				SWIFT_VERSION = 3.0;
				TEST_HOST = "$(BUILT_PRODUCTS_DIR)/Svy21.app/Svy21";
			};
			name = Debug;
		};
		3838BBFA1F3556D8004AD7E0 /* Release */ = {
			isa = XCBuildConfiguration;
			buildSettings = {
				ALWAYS_EMBED_SWIFT_STANDARD_LIBRARIES = YES;
				BUNDLE_LOADER = "$(TEST_HOST)";
				INFOPLIST_FILE = Svy21Tests/Info.plist;
				LD_RUNPATH_SEARCH_PATHS = "$(inherited) @executable_path/Frameworks @loader_path/Frameworks";
				PRODUCT_BUNDLE_IDENTIFIER = com.zhouhao.Svy21Tests;
				PRODUCT_NAME = "$(TARGET_NAME)";
				SWIFT_VERSION = 3.0;
				TEST_HOST = "$(BUILT_PRODUCTS_DIR)/Svy21.app/Svy21";
			};
			name = Release;
		};
/* End XCBuildConfiguration section */

/* Begin XCConfigurationList section */
		3838BBD31F3556D8004AD7E0 /* Build configuration list for PBXProject "Svy21" */ = {
			isa = XCConfigurationList;
			buildConfigurations = (
				3838BBF31F3556D8004AD7E0 /* Debug */,
				3838BBF41F3556D8004AD7E0 /* Release */,
			);
			defaultConfigurationIsVisible = 0;
			defaultConfigurationName = Release;
		};
		3838BBF51F3556D8004AD7E0 /* Build configuration list for PBXNativeTarget "Svy21" */ = {
			isa = XCConfigurationList;
			buildConfigurations = (
				3838BBF61F3556D8004AD7E0 /* Debug */,
				3838BBF71F3556D8004AD7E0 /* Release */,
			);
			defaultConfigurationIsVisible = 0;
			defaultConfigurationName = Release;
		};
		3838BBF81F3556D8004AD7E0 /* Build configuration list for PBXNativeTarget "Svy21Tests" */ = {
			isa = XCConfigurationList;
			buildConfigurations = (
				3838BBF91F3556D8004AD7E0 /* Debug */,
				3838BBFA1F3556D8004AD7E0 /* Release */,
			);
			defaultConfigurationIsVisible = 0;
			defaultConfigurationName = Release;
		};
/* End XCConfigurationList section */
	};
	rootObject = 3838BBD01F3556D8004AD7E0 /* Project object */;
}
